{
  "name": "cca",
  "version": "0.0.9-rc3",
  "dependencies": {
    "cca-push": {
      "version": "1.0.0",
      "from": "cca-push@1.0.0",
      "dependencies": {
        "node-zip": {
          "version": "1.1.0",
          "from": "node-zip@~1",
          "dependencies": {
            "jszip": {
              "version": "2.1.1",
              "from": "jszip@2.1.1",
              "dependencies": {
                "zlibjs": {
                  "version": "0.1.8",
                  "from": "zlibjs@~0.1.7"
                }
              }
            }
          }
        },
        "request": {
          "version": "2.34.0",
          "from": "request@~2.34",
          "dependencies": {
            "qs": {
              "version": "0.6.6",
              "from": "qs@~0.6.0"
            },
            "json-stringify-safe": {
              "version": "5.0.0",
              "from": "json-stringify-safe@~5.0.0"
            },
            "forever-agent": {
              "version": "0.5.2",
              "from": "forever-agent@~0.5.0"
            },
            "node-uuid": {
              "version": "1.4.1",
              "from": "node-uuid@~1.4.0"
            },
            "mime": {
              "version": "1.2.11",
              "from": "mime@~1.2.9"
            },
            "tough-cookie": {
              "version": "0.12.1",
              "from": "tough-cookie@>=0.12.0",
              "dependencies": {
                "punycode": {
                  "version": "1.2.4",
                  "from": "punycode@>=0.2.0"
                }
              }
            },
            "form-data": {
              "version": "0.1.2",
              "from": "form-data@~0.1.0",
              "dependencies": {
                "combined-stream": {
                  "version": "0.0.4",
                  "from": "combined-stream@~0.0.4",
                  "dependencies": {
                    "delayed-stream": {
                      "version": "0.0.5",
                      "from": "delayed-stream@0.0.5"
                    }
                  }
                },
                "async": {
                  "version": "0.2.10",
                  "from": "async@0.2.10",
                  "resolved": "https://registry.npmjs.org/async/-/async-0.2.10.tgz"
                }
              }
            },
            "tunnel-agent": {
              "version": "0.3.0",
              "from": "tunnel-agent@0.3.0",
              "resolved": "https://registry.npmjs.org/tunnel-agent/-/tunnel-agent-0.3.0.tgz"
            },
            "http-signature": {
              "version": "0.10.0",
              "from": "http-signature@~0.10.0",
              "dependencies": {
                "assert-plus": {
                  "version": "0.1.2",
                  "from": "assert-plus@0.1.2"
                },
                "asn1": {
                  "version": "0.1.11",
                  "from": "asn1@0.1.11"
                },
                "ctype": {
                  "version": "0.5.2",
                  "from": "ctype@0.5.2"
                }
              }
            },
            "oauth-sign": {
              "version": "0.3.0",
              "from": "oauth-sign@0.3.0",
              "resolved": "https://registry.npmjs.org/oauth-sign/-/oauth-sign-0.3.0.tgz"
            },
            "hawk": {
              "version": "1.0.0",
              "from": "hawk@1.0.0",
              "resolved": "https://registry.npmjs.org/hawk/-/hawk-1.0.0.tgz",
              "dependencies": {
                "hoek": {
                  "version": "0.9.1",
                  "from": "hoek@0.9.x"
                },
                "boom": {
                  "version": "0.4.2",
                  "from": "boom@0.4.x"
                },
                "cryptiles": {
                  "version": "0.2.2",
                  "from": "cryptiles@0.2.x"
                },
                "sntp": {
                  "version": "0.2.4",
                  "from": "sntp@0.2.x"
                }
              }
            },
            "aws-sign2": {
              "version": "0.5.0",
              "from": "aws-sign2@~0.5.0"
            }
          }
        },
        "nopt": {
          "version": "2.2.0",
          "from": "nopt@~2.2",
          "dependencies": {
            "abbrev": {
              "version": "1.0.4",
              "from": "abbrev@1"
            }
          }
        }
      }
    },
    "cordova": {
      "version": "3.4.0-0.1.3",
      "from": "cordova@3.4.0-0.1.3",
      "resolved": "https://registry.npmjs.org/cordova/-/cordova-3.4.0-0.1.3.tgz",
      "dependencies": {
        "elementtree": {
          "version": "0.1.5",
          "from": "elementtree@0.1.5",
          "dependencies": {
            "sax": {
              "version": "0.3.5",
              "from": "sax@0.3.5"
            }
          }
        },
        "plugman": {
          "version": "0.20.2",
          "from": "plugman@0.20.2",
          "dependencies": {
            "nopt": {
              "version": "1.0.10",
              "from": "nopt@1.0.10",
              "resolved": "https://registry.npmjs.org/nopt/-/nopt-1.0.10.tgz",
              "dependencies": {
                "abbrev": {
                  "version": "1.0.4",
                  "from": "abbrev@1"
                }
              }
            },
            "glob": {
              "version": "3.2.9",
              "from": "glob@3.2.x",
              "dependencies": {
                "minimatch": {
                  "version": "0.2.14",
                  "from": "minimatch@~0.2.11",
                  "dependencies": {
                    "lru-cache": {
                      "version": "2.5.0",
                      "from": "lru-cache@2"
                    },
                    "sigmund": {
                      "version": "1.0.0",
                      "from": "sigmund@~1.0.0"
                    }
                  }
                },
                "inherits": {
                  "version": "2.0.1",
                  "from": "inherits@2"
                }
              }
            },
            "elementtree": {
              "version": "0.1.5",
              "from": "elementtree@0.1.5",
              "dependencies": {
                "sax": {
                  "version": "0.3.5",
                  "from": "sax@0.3.5"
                }
              }
            },
            "bplist-parser": {
              "version": "0.0.5",
              "from": "bplist-parser@0.0.x"
            },
            "shelljs": {
              "version": "0.1.4",
              "from": "shelljs@0.1.4",
              "resolved": "https://registry.npmjs.org/shelljs/-/shelljs-0.1.4.tgz"
            },
            "underscore": {
              "version": "1.4.4",
              "from": "underscore@1.4.4"
            },
            "dep-graph": {
              "version": "1.1.0",
              "from": "dep-graph@1.1.0",
              "dependencies": {
                "underscore": {
                  "version": "1.2.1",
                  "from": "underscore@1.2.1"
                }
              }
            },
            "semver": {
              "version": "2.0.11",
              "from": "semver@2.0.11",
              "resolved": "https://registry.npmjs.org/semver/-/semver-2.0.11.tgz"
            },
            "q": {
              "version": "0.9.7",
              "from": "q@0.9.7",
              "resolved": "https://registry.npmjs.org/q/-/q-0.9.7.tgz"
            },
            "npm": {
              "version": "1.3.4",
              "from": "npm@1.3.4",
              "dependencies": {
                "semver": {
                  "version": "2.0.8",
                  "from": "semver@latest"
                },
                "ini": {
                  "version": "1.1.0",
                  "from": "ini@latest"
                },
                "slide": {
                  "version": "1.1.4",
                  "from": "slide@latest"
                },
                "abbrev": {
                  "version": "1.0.4",
                  "from": "abbrev@latest"
                },
                "graceful-fs": {
                  "version": "2.0.0",
                  "from": "graceful-fs@2"
                },
                "minimatch": {
                  "version": "0.2.12",
                  "from": "minimatch@latest",
                  "dependencies": {
                    "sigmund": {
                      "version": "1.0.0",
                      "from": "sigmund@~1.0.0",
                      "resolved": "https://registry.npmjs.org/sigmund/-/sigmund-1.0.0.tgz"
                    }
                  }
                },
                "nopt": {
                  "version": "2.1.1",
                  "from": "nopt@latest"
                },
                "rimraf": {
                  "version": "2.2.0",
                  "from": "rimraf@2.2"
                },
                "request": {
                  "version": "2.21.0",
                  "from": "request@latest",
                  "dependencies": {
                    "qs": {
                      "version": "0.6.5",
                      "from": "qs@~0.6.0"
                    },
                    "json-stringify-safe": {
                      "version": "4.0.0",
                      "from": "json-stringify-safe@~4.0.0"
                    },
                    "forever-agent": {
                      "version": "0.5.0",
                      "from": "forever-agent@~0.5.0"
                    },
                    "tunnel-agent": {
                      "version": "0.3.0",
                      "from": "tunnel-agent@~0.3.0"
                    },
                    "http-signature": {
                      "version": "0.9.11",
                      "from": "http-signature@~0.9.11",
                      "dependencies": {
                        "assert-plus": {
                          "version": "0.1.2",
                          "from": "assert-plus@0.1.2"
                        },
                        "asn1": {
                          "version": "0.1.11",
                          "from": "asn1@0.1.11"
                        },
                        "ctype": {
                          "version": "0.5.2",
                          "from": "ctype@0.5.2"
                        }
                      }
                    },
                    "hawk": {
                      "version": "0.13.1",
                      "from": "hawk@~0.13.0",
                      "dependencies": {
                        "hoek": {
                          "version": "0.8.5",
                          "from": "hoek@0.8.x"
                        },
                        "boom": {
                          "version": "0.4.2",
                          "from": "boom@0.4.x",
                          "dependencies": {
                            "hoek": {
                              "version": "0.9.1",
                              "from": "hoek@0.9.x",
                              "resolved": "https://registry.npmjs.org/hoek/-/hoek-0.9.1.tgz"
                            }
                          }
                        },
                        "cryptiles": {
                          "version": "0.2.1",
                          "from": "cryptiles@0.2.x"
                        },
                        "sntp": {
                          "version": "0.2.4",
                          "from": "sntp@0.2.x",
                          "dependencies": {
                            "hoek": {
                              "version": "0.9.1",
                              "from": "hoek@0.9.x",
                              "resolved": "https://registry.npmjs.org/hoek/-/hoek-0.9.1.tgz"
                            }
                          }
                        }
                      }
                    },
                    "aws-sign": {
                      "version": "0.3.0",
                      "from": "aws-sign@~0.3.0"
                    },
                    "oauth-sign": {
                      "version": "0.3.0",
                      "from": "oauth-sign@~0.3.0"
                    },
                    "cookie-jar": {
                      "version": "0.3.0",
                      "from": "cookie-jar@~0.3.0"
                    },
                    "node-uuid": {
                      "version": "1.4.0",
                      "from": "node-uuid@~1.4.0"
                    },
                    "mime": {
                      "version": "1.2.9",
                      "from": "mime@~1.2.9"
                    },
                    "form-data": {
                      "version": "0.0.8",
                      "from": "form-data@0.0.8",
                      "dependencies": {
                        "combined-stream": {
                          "version": "0.0.4",
                          "from": "combined-stream@~0.0.4",
                          "dependencies": {
                            "delayed-stream": {
                              "version": "0.0.5",
                              "from": "delayed-stream@0.0.5"
                            }
                          }
                        },
                        "async": {
                          "version": "0.2.9",
                          "from": "async@~0.2.7"
                        }
                      }
                    }
                  }
                },
                "which": {
                  "version": "1.0.5",
                  "from": "which@1"
                },
                "tar": {
                  "version": "0.1.17",
                  "from": "tar@0.1.17",
                  "resolved": "https://registry.npmjs.org/tar/-/tar-0.1.17.tgz"
                },
                "fstream": {
                  "version": "0.1.23",
                  "from": "fstream@latest"
                },
                "block-stream": {
                  "version": "0.0.6",
                  "from": "block-stream@*"
                },
                "inherits": {
                  "version": "1.0.0",
                  "from": "git://github.com/isaacs/inherits"
                },
                "mkdirp": {
                  "version": "0.3.5",
                  "from": "mkdirp@0.3.5",
                  "resolved": "https://registry.npmjs.org/mkdirp/-/mkdirp-0.3.5.tgz"
                },
                "read": {
                  "version": "1.0.4",
                  "from": "read@~1.0.3",
                  "dependencies": {
                    "mute-stream": {
                      "version": "0.0.3",
                      "from": "mute-stream@~0.0.2"
                    }
                  }
                },
                "lru-cache": {
                  "version": "2.3.0",
                  "from": "lru-cache@latest"
                },
                "node-gyp": {
                  "version": "0.10.6",
                  "from": "node-gyp@latest"
                },
                "fstream-npm": {
                  "version": "0.1.4",
                  "from": "fstream-npm@latest",
                  "dependencies": {
                    "fstream-ignore": {
                      "version": "0.0.6",
                      "from": "fstream-ignore@~0.0.5"
                    }
                  }
                },
                "uid-number": {
                  "version": "0.0.3",
                  "from": "../uid-number"
                },
                "archy": {
                  "version": "0.0.2",
                  "from": "archy@0.0.2"
                },
                "chownr": {
                  "version": "0.0.1",
                  "from": "../chownr"
                },
                "npmlog": {
                  "version": "0.0.4",
                  "from": "npmlog@latest"
                },
                "ansi": {
                  "version": "0.1.2",
                  "from": "ansi@~0.1.2"
                },
                "npm-registry-client": {
                  "version": "0.2.27",
                  "from": "npm-registry-client@latest",
                  "dependencies": {
                    "couch-login": {
                      "version": "0.1.17",
                      "from": "couch-login@~0.1.15"
                    }
                  }
                },
                "read-package-json": {
                  "version": "1.1.0",
                  "from": "read-package-json@1",
                  "dependencies": {
                    "normalize-package-data": {
                      "version": "0.2.0",
                      "from": "normalize-package-data@~0.2",
                      "dependencies": {
                        "github-url-from-git": {
                          "version": "1.1.1",
                          "from": "github-url-from-git@~1.1.1"
                        }
                      }
                    }
                  }
                },
                "read-installed": {
                  "version": "0.2.2",
                  "from": "read-installed@latest"
                },
                "glob": {
                  "version": "3.2.3",
                  "from": "glob@latest",
                  "dependencies": {
                    "inherits": {
                      "version": "2.0.0",
                      "from": "inherits@2"
                    }
                  }
                },
                "init-package-json": {
                  "version": "0.0.10",
                  "from": "init-package-json@latest",
                  "dependencies": {
                    "promzard": {
                      "version": "0.2.0",
                      "from": "promzard@~0.2.0"
                    }
                  }
                },
                "osenv": {
                  "version": "0.0.3",
                  "from": "osenv@latest"
                },
                "lockfile": {
                  "version": "0.4.0",
                  "from": "lockfile@latest"
                },
                "retry": {
                  "version": "0.6.0",
                  "from": "retry"
                },
                "once": {
                  "version": "1.1.1",
                  "from": "once"
                },
                "npmconf": {
                  "version": "0.1.1",
                  "from": "npmconf@latest",
                  "dependencies": {
                    "config-chain": {
                      "version": "1.1.7",
                      "from": "config-chain@~1.1.1",
                      "dependencies": {
                        "proto-list": {
                          "version": "1.2.2",
                          "from": "proto-list@~1.2.1"
                        }
                      }
                    }
                  }
                },
                "opener": {
                  "version": "1.3.0",
                  "from": "opener@latest"
                },
                "chmodr": {
                  "version": "0.1.0",
                  "from": "chmodr@latest"
                },
                "cmd-shim": {
                  "version": "1.1.0",
                  "from": "cmd-shim@"
                },
                "sha": {
                  "version": "1.0.1",
                  "from": "sha@~1.0.1"
                },
                "editor": {
                  "version": "0.0.4",
                  "from": "editor@"
                },
                "child-process-close": {
                  "version": "0.1.1",
                  "from": "child-process-close@",
                  "resolved": "https://registry.npmjs.org/child-process-close/-/child-process-close-0.1.1.tgz"
                },
                "npm-user-validate": {
                  "version": "0.0.3",
                  "from": "npm-user-validate@0.0.3",
                  "resolved": "https://registry.npmjs.org/npm-user-validate/-/npm-user-validate-0.0.3.tgz"
                }
              }
            },
            "rc": {
              "version": "0.3.0",
              "from": "rc@0.3.0",
              "dependencies": {
                "optimist": {
                  "version": "0.3.7",
                  "from": "optimist@~0.3.4",
                  "dependencies": {
                    "wordwrap": {
                      "version": "0.0.2",
                      "from": "wordwrap@~0.0.2"
                    }
                  }
                },
                "deep-extend": {
                  "version": "0.2.8",
                  "from": "deep-extend@~0.2.5"
                },
                "ini": {
                  "version": "1.1.0",
                  "from": "ini@~1.1.0"
                }
              }
            },
            "request": {
              "version": "2.22.0",
              "from": "request@2.22.0",
              "dependencies": {
                "qs": {
                  "version": "0.6.6",
                  "from": "qs@~0.6.0"
                },
                "json-stringify-safe": {
                  "version": "4.0.0",
                  "from": "json-stringify-safe@~4.0.0"
                },
                "forever-agent": {
                  "version": "0.5.2",
                  "from": "forever-agent@~0.5.0"
                },
                "tunnel-agent": {
                  "version": "0.3.0",
                  "from": "tunnel-agent@~0.3.0",
                  "resolved": "https://registry.npmjs.org/tunnel-agent/-/tunnel-agent-0.3.0.tgz"
                },
                "http-signature": {
                  "version": "0.10.0",
                  "from": "http-signature@~0.10.0",
                  "dependencies": {
                    "assert-plus": {
                      "version": "0.1.2",
                      "from": "assert-plus@0.1.2"
                    },
                    "asn1": {
                      "version": "0.1.11",
                      "from": "asn1@0.1.11"
                    },
                    "ctype": {
                      "version": "0.5.2",
                      "from": "ctype@0.5.2"
                    }
                  }
                },
                "hawk": {
                  "version": "0.13.1",
                  "from": "hawk@~0.13.0",
                  "dependencies": {
                    "hoek": {
                      "version": "0.8.5",
                      "from": "hoek@0.8.x"
                    },
                    "boom": {
                      "version": "0.4.2",
                      "from": "boom@0.4.x",
                      "dependencies": {
                        "hoek": {
                          "version": "0.9.1",
                          "from": "hoek@0.9.x"
                        }
                      }
                    },
                    "cryptiles": {
                      "version": "0.2.2",
                      "from": "cryptiles@0.2.x"
                    },
                    "sntp": {
                      "version": "0.2.4",
                      "from": "sntp@0.2.x",
                      "dependencies": {
                        "hoek": {
                          "version": "0.9.1",
                          "from": "hoek@0.9.x"
                        }
                      }
                    }
                  }
                },
                "aws-sign": {
                  "version": "0.3.0",
                  "from": "aws-sign@~0.3.0"
                },
                "oauth-sign": {
                  "version": "0.3.0",
                  "from": "oauth-sign@~0.3.0",
                  "resolved": "https://registry.npmjs.org/oauth-sign/-/oauth-sign-0.3.0.tgz"
                },
                "cookie-jar": {
                  "version": "0.3.0",
                  "from": "cookie-jar@~0.3.0"
                },
                "node-uuid": {
                  "version": "1.4.1",
                  "from": "node-uuid@~1.4.0"
                },
                "mime": {
                  "version": "1.2.11",
                  "from": "mime@~1.2.9"
                },
                "form-data": {
                  "version": "0.0.8",
                  "from": "form-data@0.0.8",
                  "dependencies": {
                    "combined-stream": {
                      "version": "0.0.4",
                      "from": "combined-stream@~0.0.4",
                      "dependencies": {
                        "delayed-stream": {
                          "version": "0.0.5",
                          "from": "delayed-stream@0.0.5"
                        }
                      }
                    },
                    "async": {
                      "version": "0.2.10",
                      "from": "async@~0.2.7",
                      "resolved": "https://registry.npmjs.org/async/-/async-0.2.10.tgz"
                    }
                  }
                }
              }
            }
          }
        },
        "plist-with-patches": {
          "version": "0.5.1",
          "from": "plist-with-patches@0.5.x",
          "dependencies": {
            "xmlbuilder": {
              "version": "0.4.3",
              "from": "xmlbuilder@0.4.3",
              "resolved": "https://registry.npmjs.org/xmlbuilder/-/xmlbuilder-0.4.3.tgz"
            },
            "xmldom": {
              "version": "0.1.19",
              "from": "xmldom@0.1.x"
            }
          }
        },
        "xcode": {
          "version": "0.6.6",
          "from": "xcode@0.6.6",
          "dependencies": {
            "pegjs": {
              "version": "0.6.2",
              "from": "pegjs@0.6.2"
            },
            "node-uuid": {
              "version": "1.3.3",
              "from": "node-uuid@1.3.3"
            }
          }
        },
        "shelljs": {
          "version": "0.1.4",
          "from": "shelljs@0.1.4",
          "resolved": "https://registry.npmjs.org/shelljs/-/shelljs-0.1.4.tgz"
        },
        "request": {
          "version": "2.21.0",
          "from": "request@2.21.0",
          "resolved": "https://registry.npmjs.org/request/-/request-2.21.0.tgz",
          "dependencies": {
            "qs": {
              "version": "0.6.6",
              "from": "qs@~0.6.0"
            },
            "json-stringify-safe": {
              "version": "4.0.0",
              "from": "json-stringify-safe@~4.0.0"
            },
            "forever-agent": {
              "version": "0.5.2",
              "from": "forever-agent@~0.5.0"
            },
            "tunnel-agent": {
              "version": "0.3.0",
              "from": "tunnel-agent@~0.3.0",
              "resolved": "https://registry.npmjs.org/tunnel-agent/-/tunnel-agent-0.3.0.tgz"
            },
            "http-signature": {
              "version": "0.9.11",
              "from": "http-signature@~0.9.11",
              "dependencies": {
                "assert-plus": {
                  "version": "0.1.2",
                  "from": "assert-plus@0.1.2"
                },
                "asn1": {
                  "version": "0.1.11",
                  "from": "asn1@0.1.11"
                },
                "ctype": {
                  "version": "0.5.2",
                  "from": "ctype@0.5.2"
                }
              }
            },
            "hawk": {
              "version": "0.13.1",
              "from": "hawk@~0.13.0",
              "dependencies": {
                "hoek": {
                  "version": "0.8.5",
                  "from": "hoek@0.8.x"
                },
                "boom": {
                  "version": "0.4.2",
                  "from": "boom@0.4.x",
                  "dependencies": {
                    "hoek": {
                      "version": "0.9.1",
                      "from": "hoek@0.9.x"
                    }
                  }
                },
                "cryptiles": {
                  "version": "0.2.2",
                  "from": "cryptiles@0.2.x"
                },
                "sntp": {
                  "version": "0.2.4",
                  "from": "sntp@0.2.x",
                  "dependencies": {
                    "hoek": {
                      "version": "0.9.1",
                      "from": "hoek@0.9.x"
                    }
                  }
                }
              }
            },
            "aws-sign": {
              "version": "0.3.0",
              "from": "aws-sign@~0.3.0"
            },
            "oauth-sign": {
              "version": "0.3.0",
              "from": "oauth-sign@~0.3.0",
              "resolved": "https://registry.npmjs.org/oauth-sign/-/oauth-sign-0.3.0.tgz"
            },
            "cookie-jar": {
              "version": "0.3.0",
              "from": "cookie-jar@~0.3.0"
            },
            "node-uuid": {
              "version": "1.4.1",
              "from": "node-uuid@~1.4.0"
            },
            "form-data": {
              "version": "0.0.8",
              "from": "form-data@0.0.8",
              "dependencies": {
                "combined-stream": {
                  "version": "0.0.4",
                  "from": "combined-stream@~0.0.4",
                  "dependencies": {
                    "delayed-stream": {
                      "version": "0.0.5",
                      "from": "delayed-stream@0.0.5"
                    }
                  }
                },
                "async": {
                  "version": "0.2.10",
                  "from": "async@~0.2.7",
                  "resolved": "https://registry.npmjs.org/async/-/async-0.2.10.tgz"
                }
              }
            }
          }
        },
        "semver": {
          "version": "2.0.11",
          "from": "semver@2.0.11",
          "resolved": "https://registry.npmjs.org/semver/-/semver-2.0.11.tgz"
        },
        "tar": {
          "version": "0.1.19",
          "from": "tar@0.1.x",
          "dependencies": {
            "inherits": {
              "version": "2.0.1",
              "from": "inherits@2"
            },
            "block-stream": {
              "version": "0.0.7",
              "from": "block-stream@*"
            },
            "fstream": {
              "version": "0.1.25",
              "from": "fstream@~0.1.8",
              "dependencies": {
                "rimraf": {
                  "version": "2.2.6",
                  "from": "rimraf@2"
                },
                "mkdirp": {
                  "version": "0.3.5",
                  "from": "mkdirp@0.3"
                },
                "graceful-fs": {
                  "version": "2.0.3",
                  "from": "graceful-fs@~2.0.0"
                }
              }
            }
          }
        },
        "npmconf": {
          "version": "0.1.13",
          "from": "npmconf@0.1.x",
          "dependencies": {
            "config-chain": {
              "version": "1.1.8",
              "from": "config-chain@~1.1.8",
              "dependencies": {
                "proto-list": {
                  "version": "1.2.2",
                  "from": "proto-list@~1.2.1"
                }
              }
            },
            "inherits": {
              "version": "2.0.1",
              "from": "inherits@2"
            },
            "ini": {
              "version": "1.1.0",
              "from": "ini@~1.1.0"
            },
            "mkdirp": {
              "version": "0.3.5",
              "from": "mkdirp@~0.3.3"
            },
            "nopt": {
              "version": "2.2.0",
              "from": "nopt@2",
              "dependencies": {
                "abbrev": {
                  "version": "1.0.4",
                  "from": "abbrev@1"
                }
              }
            },
            "once": {
              "version": "1.3.0",
              "from": "once@~1.3.0"
            },
            "osenv": {
              "version": "0.0.3",
              "from": "osenv@0.0.3",
              "resolved": "https://registry.npmjs.org/osenv/-/osenv-0.0.3.tgz"
            },
            "semver": {
              "version": "2.2.1",
              "from": "semver@2.2.1"
            }
          }
        },
        "q": {
          "version": "0.9.7",
          "from": "q@0.9.7",
          "resolved": "https://registry.npmjs.org/q/-/q-0.9.7.tgz"
        },
        "optimist": {
          "version": "0.6.0",
          "from": "optimist@0.6.0",
          "dependencies": {
            "wordwrap": {
              "version": "0.0.2",
              "from": "wordwrap@~0.0.2"
            },
            "minimist": {
              "version": "0.0.8",
              "from": "minimist@~0.0.1"
            }
          }
        },
        "mime": {
          "version": "1.2.11",
          "from": "mime@~1.2.11"
        },
        "underscore": {
          "version": "1.4.4",
          "from": "underscore@1.4.4"
        }
      }
    },
    "cryptojs": {
      "version": "2.5.3",
      "from": "cryptojs@2.5.3",
      "resolved": "https://registry.npmjs.org/cryptojs/-/cryptojs-2.5.3.tgz"
    },
    "elementtree": {
      "version": "0.1.6",
      "from": "elementtree@0.1.6",
      "dependencies": {
        "sax": {
          "version": "0.3.5",
          "from": "sax@0.3.5"
        }
      }
    },
    "node.extend": {
      "version": "1.0.10",
      "from": "node.extend@1.0.10",
      "resolved": "https://registry.npmjs.org/node.extend/-/node.extend-1.0.10.tgz",
      "dependencies": {
        "is": {
          "version": "0.3.0",
          "from": "is@~0.3.0",
          "resolved": "https://registry.npmjs.org/is/-/is-0.3.0.tgz"
        }
      }
    },
    "optimist": {
      "version": "0.6.1",
      "from": "optimist@0.6.1",
      "dependencies": {
        "wordwrap": {
          "version": "0.0.2",
          "from": "wordwrap@~0.0.2"
        },
        "minimist": {
          "version": "0.0.8",
          "from": "minimist@~0.0.1"
        }
      }
    },
    "q": {
      "version": "1.0.1",
      "from": "q@1.0.1"
    },
    "semver": {
      "version": "2.2.1",
      "from": "semver@2.2.1"
    },
    "shelljs": {
      "version": "0.2.6",
      "from": "shelljs@0.2.6",
      "resolved": "https://registry.npmjs.org/shelljs/-/shelljs-0.2.6.tgz"
    }
  }
}
